github.com/gofrs/uuid/v5 v5.4.0 h1:EfbpCTjqMuGyq5ZJwxqzn3Cbr2d0rUZU7v5ycAk/e/0=
github.com/gofrs/uuid/v5 v5.4.0/go.mod h1:CDOjlDMVAtN56jqyRUZh58JT31Tiw7/oQyEXZV+9bD8=
github.com/gophercloud/gophercloud/v2 v2.12.0 h1:Gxmc/Bog1UDKkxTcQW7MSPTDviJXpLeEgVeN5KrxoCo=
github.com/gophercloud/gophercloud/v2 v2.12.0/go.mod h1:H7TTOxbLy8RIaHSNhI2GCrWIzw4Xpw8Xn2mBhCUT5kA=
github.com/gophercloud/utils/v2 v2.0.0-20260409164906-cd2167a8681a h1:Md/Kmqzazrvf81kUN9GkseKFnHFj8PMH/UTJOQBvF8o=
github.com/gophercloud/utils/v2 v2.0.0-20260409164906-cd2167a8681a/go.mod h1:tcAw3y34swLI7UgDNH8jRZZGpImly6Me/DFZDQa1iyw=
github.com/jpillora/longestcommon v0.0.0-20161227235612-adb9d91ee629 h1:1dSBUfGlorLAua2CRx0zFN7kQsTpE2DQSmr7rrTNgY8=
github.com/jpillora/longestcommon v0.0.0-20161227235612-adb9d91ee629/go.mod h1:mb5nS4uRANwOJSZj8rlCWAfAcGi72GGMIXx+xGOjA7M=
golang.org/x/sys v0.43.0 h1:Rlag2XtaFTxp19wS8MXlJwTvoh8ArU6ezoyFsMyCTNI=
golang.org/x/sys v0.43.0/go.mod h1:4GL1E5IUh+htKOUEOaiffhrAeqysfVGipDYzABqnCmw=
golang.org/x/text v0.36.0 h1:JfKh3XmcRPqZPKevfXVpI1wXPTqbkE5f7JA92a55Yxg=
golang.org/x/text v0.36.0/go.mod h1:NIdBknypM8iqVmPiuco0Dh6P5Jcdk8lJL0CUebqK164=
gopkg.in/check.v1 v0.0.0-20161208181325-20d25e280405 h1:yhCVgyC4o1eVCa2tZl7eS0r+SDo693bJlVdllGtEeKM=
gopkg.in/check.v1 v0.0.0-20161208181325-20d25e280405/go.mod h1:Co6ibVJAznAaIkqp8huTwlJQCZ016jof/cbN4VW5Yz0=
gopkg.in/yaml.v3 v3.0.1 h1:fxVm/GzAzEWqLHuvctI91KS9hhNmmWOoWu0XTYJS7CA=
gopkg.in/yaml.v3 v3.0.1/go.mod h1:K4uyk7z7BCEPqu6E+C64Yfv1cQ7kz7rIZviUmN+EgEM=
